
Microsoft Visual Studio Solution File, Format Version 12.00
# Visual Studio Version 17
VisualStudioVersion = 17.7.34009.444
MinimumVisualStudioVersion = 10.0.40219.1
Project("{FAE04EC0-301F-11D3-BF4B-00C04F79EFBC}") = "SistemaInvApi", "SistemaInvApi\SistemaInvApi.csproj", "{0BBF61BC-738F-4FC4-8840-06A64F69DEFA}"
EndProject
Global
	GlobalSection(SolutionConfigurationPlatforms) = preSolution
		Debug|Any CPU = Debug|Any CPU
		Release|Any CPU = Release|Any CPU
	EndGlobalSection
	GlobalSection(ProjectConfigurationPlatforms) = postSolution
		{0BBF61BC-738F-4FC4-8840-06A64F69DEFA}.Debug|Any CPU.ActiveCfg = Debug|Any CPU
		{0BBF61BC-738F-4FC4-8840-06A64F69DEFA}.Debug|Any CPU.Build.0 = Debug|Any CPU
		{0BBF61BC-738F-4FC4-8840-06A64F69DEFA}.Release|Any CPU.ActiveCfg = Release|Any CPU
		{0BBF61BC-738F-4FC4-8840-06A64F69DEFA}.Release|Any CPU.Build.0 = Release|Any CPU
	EndGlobalSection
	GlobalSection(SolutionProperties) = preSolution
		HideSolutionNode = FALSE
	EndGlobalSection
	GlobalSection(ExtensibilityGlobals) = postSolution
		SolutionGuid = {5485268C-4C3E-4389-A536-2DCE532798E5}
	EndGlobalSection
EndGlobal
